
Microsoft Visual Studio Solution File, Format Version 12.00
# Visual Studio 15
VisualStudioVersion = 15.0.28307.902
MinimumVisualStudioVersion = 10.0.40219.1
Project("{FAE04EC0-301F-11D3-BF4B-00C04F79EFBC}") = "Ayhan_Saglam_Sec05_Lab03", "Ayhan_Saglam_Sec05_Lab03\Ayhan_Saglam_Sec05_Lab03.csproj", "{30AE57AD-2FE6-413E-A3E8-F6E23C6F1EC4}"
EndProject
Project("{FAE04EC0-301F-11D3-BF4B-00C04F79EFBC}") = "Ayhan_Saglam_Exercise_01", "Ayhan_Saglam_Exercise_01\Ayhan_Saglam_Exercise_01.csproj", "{E5093C08-9CC3-4BA2-8651-EF251B903D89}"
EndProject
Project("{FAE04EC0-301F-11D3-BF4B-00C04F79EFBC}") = "Ayhan_Saglam_Exercise_02", "Ayhan_Saglam_Exercise_02\Ayhan_Saglam_Exercise_02.csproj", "{2B984839-716F-43F1-B703-B903C84FA407}"
EndProject
Global
	GlobalSection(SolutionConfigurationPlatforms) = preSolution
		Debug|Any CPU = Debug|Any CPU
		Release|Any CPU = Release|Any CPU
	EndGlobalSection
	GlobalSection(ProjectConfigurationPlatforms) = postSolution
		{30AE57AD-2FE6-413E-A3E8-F6E23C6F1EC4}.Debug|Any CPU.ActiveCfg = Debug|Any CPU
		{30AE57AD-2FE6-413E-A3E8-F6E23C6F1EC4}.Debug|Any CPU.Build.0 = Debug|Any CPU
		{30AE57AD-2FE6-413E-A3E8-F6E23C6F1EC4}.Release|Any CPU.ActiveCfg = Release|Any CPU
		{30AE57AD-2FE6-413E-A3E8-F6E23C6F1EC4}.Release|Any CPU.Build.0 = Release|Any CPU
		{E5093C08-9CC3-4BA2-8651-EF251B903D89}.Debug|Any CPU.ActiveCfg = Debug|Any CPU
		{E5093C08-9CC3-4BA2-8651-EF251B903D89}.Debug|Any CPU.Build.0 = Debug|Any CPU
		{E5093C08-9CC3-4BA2-8651-EF251B903D89}.Release|Any CPU.ActiveCfg = Release|Any CPU
		{E5093C08-9CC3-4BA2-8651-EF251B903D89}.Release|Any CPU.Build.0 = Release|Any CPU
		{2B984839-716F-43F1-B703-B903C84FA407}.Debug|Any CPU.ActiveCfg = Debug|Any CPU
		{2B984839-716F-43F1-B703-B903C84FA407}.Debug|Any CPU.Build.0 = Debug|Any CPU
		{2B984839-716F-43F1-B703-B903C84FA407}.Release|Any CPU.ActiveCfg = Release|Any CPU
		{2B984839-716F-43F1-B703-B903C84FA407}.Release|Any CPU.Build.0 = Release|Any CPU
	EndGlobalSection
	GlobalSection(SolutionProperties) = preSolution
		HideSolutionNode = FALSE
	EndGlobalSection
	GlobalSection(ExtensibilityGlobals) = postSolution
		SolutionGuid = {D0F48E9D-C4D3-412A-AF77-209FF7DFA73D}
	EndGlobalSection
EndGlobal
